
Microsoft Visual Studio Solution File, Format Version 12.00
# Visual Studio Version 16
VisualStudioVersion = 16.0.31105.61
MinimumVisualStudioVersion = 10.0.40219.1
Project("{FAE04EC0-301F-11D3-BF4B-00C04F79EFBC}") = "LambdaExpression2", "LambdaExpression2\LambdaExpression2.csproj", "{AE007812-A2A5-436E-B0DC-00FAB758E71D}"
EndProject
Global
	GlobalSection(SolutionConfigurationPlatforms) = preSolution
		Debug|Any CPU = Debug|Any CPU
		Release|Any CPU = Release|Any CPU
	EndGlobalSection
	GlobalSection(ProjectConfigurationPlatforms) = postSolution
		{AE007812-A2A5-436E-B0DC-00FAB758E71D}.Debug|Any CPU.ActiveCfg = Debug|Any CPU
		{AE007812-A2A5-436E-B0DC-00FAB758E71D}.Debug|Any CPU.Build.0 = Debug|Any CPU
		{AE007812-A2A5-436E-B0DC-00FAB758E71D}.Release|Any CPU.ActiveCfg = Release|Any CPU
		{AE007812-A2A5-436E-B0DC-00FAB758E71D}.Release|Any CPU.Build.0 = Release|Any CPU
	EndGlobalSection
	GlobalSection(SolutionProperties) = preSolution
		HideSolutionNode = FALSE
	EndGlobalSection
	GlobalSection(ExtensibilityGlobals) = postSolution
		SolutionGuid = {21896A8D-AA49-4C4A-AFAD-E6681D0AF81B}
	EndGlobalSection
EndGlobal
